
Microsoft Visual Studio Solution File, Format Version 10.00
# Visual Studio 2008
Project("{FAE04EC0-301F-11D3-BF4B-00C04F79EFBC}") = "Demo1", "Demo1.csproj", "{886B4C84-F68B-4380-9868-B87FE3FCDB9A}"
EndProject
Global
	GlobalSection(SubversionScc) = preSolution
		Svn-Managed = True
		Manager = AnkhSVN - Subversion Support for Visual Studio
	EndGlobalSection
	GlobalSection(SolutionConfigurationPlatforms) = preSolution
		Debug|x86 = Debug|x86
		Release|x86 = Release|x86
	EndGlobalSection
	GlobalSection(ProjectConfigurationPlatforms) = postSolution
		{886B4C84-F68B-4380-9868-B87FE3FCDB9A}.Debug|x86.ActiveCfg = Debug|x86
		{886B4C84-F68B-4380-9868-B87FE3FCDB9A}.Debug|x86.Build.0 = Debug|x86
		{886B4C84-F68B-4380-9868-B87FE3FCDB9A}.Release|x86.ActiveCfg = Release|x86
		{886B4C84-F68B-4380-9868-B87FE3FCDB9A}.Release|x86.Build.0 = Release|x86
		{F6250714-DAEA-4633-8E73-6BC8BBDE2EAF}.Debug|x86.ActiveCfg = Debug|x86
		{F6250714-DAEA-4633-8E73-6BC8BBDE2EAF}.Release|x86.ActiveCfg = Release|x86
	EndGlobalSection
	GlobalSection(SolutionProperties) = preSolution
		HideSolutionNode = FALSE
	EndGlobalSection
EndGlobal
